
Microsoft Visual Studio Solution File, Format Version 12.00
# Visual Studio 15
VisualStudioVersion = 15.0.27703.2000
MinimumVisualStudioVersion = 10.0.40219.1
Project("{FAE04EC0-301F-11D3-BF4B-00C04F79EFBC}") = "WebApp", "WebApp\WebApp.csproj", "{ABFC255F-2E31-427A-8E66-4DA271D0FC1C}"
EndProject
Project("{FAE04EC0-301F-11D3-BF4B-00C04F79EFBC}") = "WebApp.Tests", "WebApp.Tests\WebApp.Tests.csproj", "{C6752A37-A232-4C0D-8CD4-F1AA67369DB4}"
EndProject
Global
	GlobalSection(SolutionConfigurationPlatforms) = preSolution
		Debug|Any CPU = Debug|Any CPU
		Release|Any CPU = Release|Any CPU
	EndGlobalSection
	GlobalSection(ProjectConfigurationPlatforms) = postSolution
		{ABFC255F-2E31-427A-8E66-4DA271D0FC1C}.Debug|Any CPU.ActiveCfg = Debug|Any CPU
		{ABFC255F-2E31-427A-8E66-4DA271D0FC1C}.Debug|Any CPU.Build.0 = Debug|Any CPU
		{ABFC255F-2E31-427A-8E66-4DA271D0FC1C}.Release|Any CPU.ActiveCfg = Release|Any CPU
		{ABFC255F-2E31-427A-8E66-4DA271D0FC1C}.Release|Any CPU.Build.0 = Release|Any CPU
		{C6752A37-A232-4C0D-8CD4-F1AA67369DB4}.Debug|Any CPU.ActiveCfg = Debug|Any CPU
		{C6752A37-A232-4C0D-8CD4-F1AA67369DB4}.Debug|Any CPU.Build.0 = Debug|Any CPU
		{C6752A37-A232-4C0D-8CD4-F1AA67369DB4}.Release|Any CPU.ActiveCfg = Release|Any CPU
		{C6752A37-A232-4C0D-8CD4-F1AA67369DB4}.Release|Any CPU.Build.0 = Release|Any CPU
	EndGlobalSection
	GlobalSection(SolutionProperties) = preSolution
		HideSolutionNode = FALSE
	EndGlobalSection
	GlobalSection(ExtensibilityGlobals) = postSolution
		SolutionGuid = {9D90061C-51C6-4441-9234-1A2132DCEB87}
	EndGlobalSection
EndGlobal
